
Microsoft Visual Studio Solution File, Format Version 12.00
# Visual Studio 15
VisualStudioVersion = 15.0.28307.329
MinimumVisualStudioVersion = 10.0.40219.1
Project("{FAE04EC0-301F-11D3-BF4B-00C04F79EFBC}") = "FZAM.Android", "FZAM\FZAM.Android\FZAM.Android.csproj", "{30C7FDE5-2225-4664-8C81-BB354DD724C9}"
EndProject
Project("{FAE04EC0-301F-11D3-BF4B-00C04F79EFBC}") = "FZAM.UWP", "FZAM\FZAM.UWP\FZAM.UWP.csproj", "{15FE99DF-789B-4AB7-91A3-E1E61EFA9FDF}"
EndProject
Project("{FAE04EC0-301F-11D3-BF4B-00C04F79EFBC}") = "FZAM.iOS", "FZAM\FZAM.iOS\FZAM.iOS.csproj", "{207E5D7E-7087-4E33-B071-16890E3385F5}"
EndProject
Project("{FAE04EC0-301F-11D3-BF4B-00C04F79EFBC}") = "FZAM", "FZAM\FZAM\FZAM.csproj", "{1A623803-84E4-4682-8A76-83B788C6DDC8}"
EndProject
Global
	GlobalSection(SolutionConfigurationPlatforms) = preSolution
		Ad-Hoc|Any CPU = Ad-Hoc|Any CPU
		Ad-Hoc|ARM = Ad-Hoc|ARM
		Ad-Hoc|iPhone = Ad-Hoc|iPhone
		Ad-Hoc|iPhoneSimulator = Ad-Hoc|iPhoneSimulator
		Ad-Hoc|x64 = Ad-Hoc|x64
		Ad-Hoc|x86 = Ad-Hoc|x86
		AppStore|Any CPU = AppStore|Any CPU
		AppStore|ARM = AppStore|ARM
		AppStore|iPhone = AppStore|iPhone
		AppStore|iPhoneSimulator = AppStore|iPhoneSimulator
		AppStore|x64 = AppStore|x64
		AppStore|x86 = AppStore|x86
		Debug|Any CPU = Debug|Any CPU
		Debug|ARM = Debug|ARM
		Debug|iPhone = Debug|iPhone
		Debug|iPhoneSimulator = Debug|iPhoneSimulator
		Debug|x64 = Debug|x64
		Debug|x86 = Debug|x86
		Release|Any CPU = Release|Any CPU
		Release|ARM = Release|ARM
		Release|iPhone = Release|iPhone
		Release|iPhoneSimulator = Release|iPhoneSimulator
		Release|x64 = Release|x64
		Release|x86 = Release|x86
	EndGlobalSection
	GlobalSection(ProjectConfigurationPlatforms) = postSolution
		{30C7FDE5-2225-4664-8C81-BB354DD724C9}.Ad-Hoc|Any CPU.ActiveCfg = Release|Any CPU
		{30C7FDE5-2225-4664-8C81-BB354DD724C9}.Ad-Hoc|Any CPU.Build.0 = Release|Any CPU
		{30C7FDE5-2225-4664-8C81-BB354DD724C9}.Ad-Hoc|Any CPU.Deploy.0 = Release|Any CPU
		{30C7FDE5-2225-4664-8C81-BB354DD724C9}.Ad-Hoc|ARM.ActiveCfg = Release|Any CPU
		{30C7FDE5-2225-4664-8C81-BB354DD724C9}.Ad-Hoc|ARM.Build.0 = Release|Any CPU
		{30C7FDE5-2225-4664-8C81-BB354DD724C9}.Ad-Hoc|ARM.Deploy.0 = Release|Any CPU
		{30C7FDE5-2225-4664-8C81-BB354DD724C9}.Ad-Hoc|iPhone.ActiveCfg = Release|Any CPU
		{30C7FDE5-2225-4664-8C81-BB354DD724C9}.Ad-Hoc|iPhone.Build.0 = Release|Any CPU
		{30C7FDE5-2225-4664-8C81-BB354DD724C9}.Ad-Hoc|iPhone.Deploy.0 = Release|Any CPU
		{30C7FDE5-2225-4664-8C81-BB354DD724C9}.Ad-Hoc|iPhoneSimulator.ActiveCfg = Release|Any CPU
		{30C7FDE5-2225-4664-8C81-BB354DD724C9}.Ad-Hoc|iPhoneSimulator.Build.0 = Release|Any CPU
		{30C7FDE5-2225-4664-8C81-BB354DD724C9}.Ad-Hoc|iPhoneSimulator.Deploy.0 = Release|Any CPU
		{30C7FDE5-2225-4664-8C81-BB354DD724C9}.Ad-Hoc|x64.ActiveCfg = Release|Any CPU
		{30C7FDE5-2225-4664-8C81-BB354DD724C9}.Ad-Hoc|x64.Build.0 = Release|Any CPU
		{30C7FDE5-2225-4664-8C81-BB354DD724C9}.Ad-Hoc|x64.Deploy.0 = Release|Any CPU
		{30C7FDE5-2225-4664-8C81-BB354DD724C9}.Ad-Hoc|x86.ActiveCfg = Release|Any CPU
		{30C7FDE5-2225-4664-8C81-BB354DD724C9}.Ad-Hoc|x86.Build.0 = Release|Any CPU
		{30C7FDE5-2225-4664-8C81-BB354DD724C9}.Ad-Hoc|x86.Deploy.0 = Release|Any CPU
		{30C7FDE5-2225-4664-8C81-BB354DD724C9}.AppStore|Any CPU.ActiveCfg = Release|Any CPU
		{30C7FDE5-2225-4664-8C81-BB354DD724C9}.AppStore|Any CPU.Build.0 = Release|Any CPU
		{30C7FDE5-2225-4664-8C81-BB354DD724C9}.AppStore|Any CPU.Deploy.0 = Release|Any CPU
		{30C7FDE5-2225-4664-8C81-BB354DD724C9}.AppStore|ARM.ActiveCfg = Release|Any CPU
		{30C7FDE5-2225-4664-8C81-BB354DD724C9}.AppStore|ARM.Build.0 = Release|Any CPU
		{30C7FDE5-2225-4664-8C81-BB354DD724C9}.AppStore|ARM.Deploy.0 = Release|Any CPU
		{30C7FDE5-2225-4664-8C81-BB354DD724C9}.AppStore|iPhone.ActiveCfg = Release|Any CPU
		{30C7FDE5-2225-4664-8C81-BB354DD724C9}.AppStore|iPhone.Build.0 = Release|Any CPU
		{30C7FDE5-2225-4664-8C81-BB354DD724C9}.AppStore|iPhone.Deploy.0 = Release|Any CPU
		{30C7FDE5-2225-4664-8C81-BB354DD724C9}.AppStore|iPhoneSimulator.ActiveCfg = Release|Any CPU
		{30C7FDE5-2225-4664-8C81-BB354DD724C9}.AppStore|iPhoneSimulator.Build.0 = Release|Any CPU
		{30C7FDE5-2225-4664-8C81-BB354DD724C9}.AppStore|iPhoneSimulator.Deploy.0 = Release|Any CPU
		{30C7FDE5-2225-4664-8C81-BB354DD724C9}.AppStore|x64.ActiveCfg = Release|Any CPU
		{30C7FDE5-2225-4664-8C81-BB354DD724C9}.AppStore|x64.Build.0 = Release|Any CPU
		{30C7FDE5-2225-4664-8C81-BB354DD724C9}.AppStore|x64.Deploy.0 = Release|Any CPU
		{30C7FDE5-2225-4664-8C81-BB354DD724C9}.AppStore|x86.ActiveCfg = Release|Any CPU
		{30C7FDE5-2225-4664-8C81-BB354DD724C9}.AppStore|x86.Build.0 = Release|Any CPU
		{30C7FDE5-2225-4664-8C81-BB354DD724C9}.AppStore|x86.Deploy.0 = Release|Any CPU
		{30C7FDE5-2225-4664-8C81-BB354DD724C9}.Debug|Any CPU.ActiveCfg = Debug|Any CPU
		{30C7FDE5-2225-4664-8C81-BB354DD724C9}.Debug|Any CPU.Build.0 = Debug|Any CPU
		{30C7FDE5-2225-4664-8C81-BB354DD724C9}.Debug|Any CPU.Deploy.0 = Debug|Any CPU
		{30C7FDE5-2225-4664-8C81-BB354DD724C9}.Debug|ARM.ActiveCfg = Debug|Any CPU
		{30C7FDE5-2225-4664-8C81-BB354DD724C9}.Debug|ARM.Build.0 = Debug|Any CPU
		{30C7FDE5-2225-4664-8C81-BB354DD724C9}.Debug|ARM.Deploy.0 = Debug|Any CPU
		{30C7FDE5-2225-4664-8C81-BB354DD724C9}.Debug|iPhone.ActiveCfg = Debug|Any CPU
		{30C7FDE5-2225-4664-8C81-BB354DD724C9}.Debug|iPhone.Build.0 = Debug|Any CPU
		{30C7FDE5-2225-4664-8C81-BB354DD724C9}.Debug|iPhone.Deploy.0 = Debug|Any CPU
		{30C7FDE5-2225-4664-8C81-BB354DD724C9}.Debug|iPhoneSimulator.ActiveCfg = Debug|Any CPU
		{30C7FDE5-2225-4664-8C81-BB354DD724C9}.Debug|iPhoneSimulator.Build.0 = Debug|Any CPU
		{30C7FDE5-2225-4664-8C81-BB354DD724C9}.Debug|iPhoneSimulator.Deploy.0 = Debug|Any CPU
		{30C7FDE5-2225-4664-8C81-BB354DD724C9}.Debug|x64.ActiveCfg = Debug|Any CPU
		{30C7FDE5-2225-4664-8C81-BB354DD724C9}.Debug|x64.Build.0 = Debug|Any CPU
		{30C7FDE5-2225-4664-8C81-BB354DD724C9}.Debug|x64.Deploy.0 = Debug|Any CPU
		{30C7FDE5-2225-4664-8C81-BB354DD724C9}.Debug|x86.ActiveCfg = Debug|Any CPU
		{30C7FDE5-2225-4664-8C81-BB354DD724C9}.Debug|x86.Build.0 = Debug|Any CPU
		{30C7FDE5-2225-4664-8C81-BB354DD724C9}.Debug|x86.Deploy.0 = Debug|Any CPU
		{30C7FDE5-2225-4664-8C81-BB354DD724C9}.Release|Any CPU.ActiveCfg = Release|Any CPU
		{30C7FDE5-2225-4664-8C81-BB354DD724C9}.Release|Any CPU.Build.0 = Release|Any CPU
		{30C7FDE5-2225-4664-8C81-BB354DD724C9}.Release|Any CPU.Deploy.0 = Release|Any CPU
		{30C7FDE5-2225-4664-8C81-BB354DD724C9}.Release|ARM.ActiveCfg = Release|Any CPU
		{30C7FDE5-2225-4664-8C81-BB354DD724C9}.Release|ARM.Build.0 = Release|Any CPU
		{30C7FDE5-2225-4664-8C81-BB354DD724C9}.Release|ARM.Deploy.0 = Release|Any CPU
		{30C7FDE5-2225-4664-8C81-BB354DD724C9}.Release|iPhone.ActiveCfg = Release|Any CPU
		{30C7FDE5-2225-4664-8C81-BB354DD724C9}.Release|iPhone.Build.0 = Release|Any CPU
		{30C7FDE5-2225-4664-8C81-BB354DD724C9}.Release|iPhone.Deploy.0 = Release|Any CPU
		{30C7FDE5-2225-4664-8C81-BB354DD724C9}.Release|iPhoneSimulator.ActiveCfg = Release|Any CPU
		{30C7FDE5-2225-4664-8C81-BB354DD724C9}.Release|iPhoneSimulator.Build.0 = Release|Any CPU
		{30C7FDE5-2225-4664-8C81-BB354DD724C9}.Release|iPhoneSimulator.Deploy.0 = Release|Any CPU
		{30C7FDE5-2225-4664-8C81-BB354DD724C9}.Release|x64.ActiveCfg = Release|Any CPU
		{30C7FDE5-2225-4664-8C81-BB354DD724C9}.Release|x64.Build.0 = Release|Any CPU
		{30C7FDE5-2225-4664-8C81-BB354DD724C9}.Release|x64.Deploy.0 = Release|Any CPU
		{30C7FDE5-2225-4664-8C81-BB354DD724C9}.Release|x86.ActiveCfg = Release|Any CPU
		{30C7FDE5-2225-4664-8C81-BB354DD724C9}.Release|x86.Build.0 = Release|Any CPU
		{30C7FDE5-2225-4664-8C81-BB354DD724C9}.Release|x86.Deploy.0 = Release|Any CPU
		{15FE99DF-789B-4AB7-91A3-E1E61EFA9FDF}.Ad-Hoc|Any CPU.ActiveCfg = Release|x86
		{15FE99DF-789B-4AB7-91A3-E1E61EFA9FDF}.Ad-Hoc|Any CPU.Build.0 = Release|x86
		{15FE99DF-789B-4AB7-91A3-E1E61EFA9FDF}.Ad-Hoc|Any CPU.Deploy.0 = Release|x86
		{15FE99DF-789B-4AB7-91A3-E1E61EFA9FDF}.Ad-Hoc|ARM.ActiveCfg = Release|ARM
		{15FE99DF-789B-4AB7-91A3-E1E61EFA9FDF}.Ad-Hoc|ARM.Build.0 = Release|ARM
		{15FE99DF-789B-4AB7-91A3-E1E61EFA9FDF}.Ad-Hoc|ARM.Deploy.0 = Release|ARM
		{15FE99DF-789B-4AB7-91A3-E1E61EFA9FDF}.Ad-Hoc|iPhone.ActiveCfg = Release|x86
		{15FE99DF-789B-4AB7-91A3-E1E61EFA9FDF}.Ad-Hoc|iPhone.Build.0 = Release|x86
		{15FE99DF-789B-4AB7-91A3-E1E61EFA9FDF}.Ad-Hoc|iPhone.Deploy.0 = Release|x86
		{15FE99DF-789B-4AB7-91A3-E1E61EFA9FDF}.Ad-Hoc|iPhoneSimulator.ActiveCfg = Release|x86
		{15FE99DF-789B-4AB7-91A3-E1E61EFA9FDF}.Ad-Hoc|iPhoneSimulator.Build.0 = Release|x86
		{15FE99DF-789B-4AB7-91A3-E1E61EFA9FDF}.Ad-Hoc|iPhoneSimulator.Deploy.0 = Release|x86
		{15FE99DF-789B-4AB7-91A3-E1E61EFA9FDF}.Ad-Hoc|x64.ActiveCfg = Release|x64
		{15FE99DF-789B-4AB7-91A3-E1E61EFA9FDF}.Ad-Hoc|x64.Build.0 = Release|x64
		{15FE99DF-789B-4AB7-91A3-E1E61EFA9FDF}.Ad-Hoc|x64.Deploy.0 = Release|x64
		{15FE99DF-789B-4AB7-91A3-E1E61EFA9FDF}.Ad-Hoc|x86.ActiveCfg = Release|x86
		{15FE99DF-789B-4AB7-91A3-E1E61EFA9FDF}.Ad-Hoc|x86.Build.0 = Release|x86
		{15FE99DF-789B-4AB7-91A3-E1E61EFA9FDF}.Ad-Hoc|x86.Deploy.0 = Release|x86
		{15FE99DF-789B-4AB7-91A3-E1E61EFA9FDF}.AppStore|Any CPU.ActiveCfg = Release|x86
		{15FE99DF-789B-4AB7-91A3-E1E61EFA9FDF}.AppStore|Any CPU.Build.0 = Release|x86
		{15FE99DF-789B-4AB7-91A3-E1E61EFA9FDF}.AppStore|Any CPU.Deploy.0 = Release|x86
		{15FE99DF-789B-4AB7-91A3-E1E61EFA9FDF}.AppStore|ARM.ActiveCfg = Release|ARM
		{15FE99DF-789B-4AB7-91A3-E1E61EFA9FDF}.AppStore|ARM.Build.0 = Release|ARM
		{15FE99DF-789B-4AB7-91A3-E1E61EFA9FDF}.AppStore|ARM.Deploy.0 = Release|ARM
		{15FE99DF-789B-4AB7-91A3-E1E61EFA9FDF}.AppStore|iPhone.ActiveCfg = Release|x86
		{15FE99DF-789B-4AB7-91A3-E1E61EFA9FDF}.AppStore|iPhone.Build.0 = Release|x86
		{15FE99DF-789B-4AB7-91A3-E1E61EFA9FDF}.AppStore|iPhone.Deploy.0 = Release|x86
		{15FE99DF-789B-4AB7-91A3-E1E61EFA9FDF}.AppStore|iPhoneSimulator.ActiveCfg = Release|x86
		{15FE99DF-789B-4AB7-91A3-E1E61EFA9FDF}.AppStore|iPhoneSimulator.Build.0 = Release|x86
		{15FE99DF-789B-4AB7-91A3-E1E61EFA9FDF}.AppStore|iPhoneSimulator.Deploy.0 = Release|x86
		{15FE99DF-789B-4AB7-91A3-E1E61EFA9FDF}.AppStore|x64.ActiveCfg = Release|x64
		{15FE99DF-789B-4AB7-91A3-E1E61EFA9FDF}.AppStore|x64.Build.0 = Release|x64
		{15FE99DF-789B-4AB7-91A3-E1E61EFA9FDF}.AppStore|x64.Deploy.0 = Release|x64
		{15FE99DF-789B-4AB7-91A3-E1E61EFA9FDF}.AppStore|x86.ActiveCfg = Release|x86
		{15FE99DF-789B-4AB7-91A3-E1E61EFA9FDF}.AppStore|x86.Build.0 = Release|x86
		{15FE99DF-789B-4AB7-91A3-E1E61EFA9FDF}.AppStore|x86.Deploy.0 = Release|x86
		{15FE99DF-789B-4AB7-91A3-E1E61EFA9FDF}.Debug|Any CPU.ActiveCfg = Debug|x86
		{15FE99DF-789B-4AB7-91A3-E1E61EFA9FDF}.Debug|Any CPU.Build.0 = Debug|x86
		{15FE99DF-789B-4AB7-91A3-E1E61EFA9FDF}.Debug|Any CPU.Deploy.0 = Debug|x86
		{15FE99DF-789B-4AB7-91A3-E1E61EFA9FDF}.Debug|ARM.ActiveCfg = Debug|ARM
		{15FE99DF-789B-4AB7-91A3-E1E61EFA9FDF}.Debug|ARM.Build.0 = Debug|ARM
		{15FE99DF-789B-4AB7-91A3-E1E61EFA9FDF}.Debug|ARM.Deploy.0 = Debug|ARM
		{15FE99DF-789B-4AB7-91A3-E1E61EFA9FDF}.Debug|iPhone.ActiveCfg = Debug|x86
		{15FE99DF-789B-4AB7-91A3-E1E61EFA9FDF}.Debug|iPhone.Build.0 = Debug|x86
		{15FE99DF-789B-4AB7-91A3-E1E61EFA9FDF}.Debug|iPhone.Deploy.0 = Debug|x86
		{15FE99DF-789B-4AB7-91A3-E1E61EFA9FDF}.Debug|iPhoneSimulator.ActiveCfg = Debug|x86
		{15FE99DF-789B-4AB7-91A3-E1E61EFA9FDF}.Debug|iPhoneSimulator.Build.0 = Debug|x86
		{15FE99DF-789B-4AB7-91A3-E1E61EFA9FDF}.Debug|iPhoneSimulator.Deploy.0 = Debug|x86
		{15FE99DF-789B-4AB7-91A3-E1E61EFA9FDF}.Debug|x64.ActiveCfg = Debug|x64
		{15FE99DF-789B-4AB7-91A3-E1E61EFA9FDF}.Debug|x64.Build.0 = Debug|x64
		{15FE99DF-789B-4AB7-91A3-E1E61EFA9FDF}.Debug|x64.Deploy.0 = Debug|x64
		{15FE99DF-789B-4AB7-91A3-E1E61EFA9FDF}.Debug|x86.ActiveCfg = Debug|x86
		{15FE99DF-789B-4AB7-91A3-E1E61EFA9FDF}.Debug|x86.Build.0 = Debug|x86
		{15FE99DF-789B-4AB7-91A3-E1E61EFA9FDF}.Debug|x86.Deploy.0 = Debug|x86
		{15FE99DF-789B-4AB7-91A3-E1E61EFA9FDF}.Release|Any CPU.ActiveCfg = Release|x86
		{15FE99DF-789B-4AB7-91A3-E1E61EFA9FDF}.Release|Any CPU.Build.0 = Release|x86
		{15FE99DF-789B-4AB7-91A3-E1E61EFA9FDF}.Release|Any CPU.Deploy.0 = Release|x86
		{15FE99DF-789B-4AB7-91A3-E1E61EFA9FDF}.Release|ARM.ActiveCfg = Release|ARM
		{15FE99DF-789B-4AB7-91A3-E1E61EFA9FDF}.Release|ARM.Build.0 = Release|ARM
		{15FE99DF-789B-4AB7-91A3-E1E61EFA9FDF}.Release|ARM.Deploy.0 = Release|ARM
		{15FE99DF-789B-4AB7-91A3-E1E61EFA9FDF}.Release|iPhone.ActiveCfg = Release|x86
		{15FE99DF-789B-4AB7-91A3-E1E61EFA9FDF}.Release|iPhone.Build.0 = Release|x86
		{15FE99DF-789B-4AB7-91A3-E1E61EFA9FDF}.Release|iPhone.Deploy.0 = Release|x86
		{15FE99DF-789B-4AB7-91A3-E1E61EFA9FDF}.Release|iPhoneSimulator.ActiveCfg = Release|x86
		{15FE99DF-789B-4AB7-91A3-E1E61EFA9FDF}.Release|iPhoneSimulator.Build.0 = Release|x86
		{15FE99DF-789B-4AB7-91A3-E1E61EFA9FDF}.Release|iPhoneSimulator.Deploy.0 = Release|x86
		{15FE99DF-789B-4AB7-91A3-E1E61EFA9FDF}.Release|x64.ActiveCfg = Release|x64
		{15FE99DF-789B-4AB7-91A3-E1E61EFA9FDF}.Release|x64.Build.0 = Release|x64
		{15FE99DF-789B-4AB7-91A3-E1E61EFA9FDF}.Release|x64.Deploy.0 = Release|x64
		{15FE99DF-789B-4AB7-91A3-E1E61EFA9FDF}.Release|x86.ActiveCfg = Release|x86
		{15FE99DF-789B-4AB7-91A3-E1E61EFA9FDF}.Release|x86.Build.0 = Release|x86
		{15FE99DF-789B-4AB7-91A3-E1E61EFA9FDF}.Release|x86.Deploy.0 = Release|x86
		{207E5D7E-7087-4E33-B071-16890E3385F5}.Ad-Hoc|Any CPU.ActiveCfg = Release|iPhone
		{207E5D7E-7087-4E33-B071-16890E3385F5}.Ad-Hoc|Any CPU.Build.0 = Release|iPhone
		{207E5D7E-7087-4E33-B071-16890E3385F5}.Ad-Hoc|ARM.ActiveCfg = Release|iPhone
		{207E5D7E-7087-4E33-B071-16890E3385F5}.Ad-Hoc|ARM.Build.0 = Release|iPhone
		{207E5D7E-7087-4E33-B071-16890E3385F5}.Ad-Hoc|iPhone.ActiveCfg = Release|iPhone
		{207E5D7E-7087-4E33-B071-16890E3385F5}.Ad-Hoc|iPhone.Build.0 = Release|iPhone
		{207E5D7E-7087-4E33-B071-16890E3385F5}.Ad-Hoc|iPhoneSimulator.ActiveCfg = Release|iPhoneSimulator
		{207E5D7E-7087-4E33-B071-16890E3385F5}.Ad-Hoc|iPhoneSimulator.Build.0 = Release|iPhoneSimulator
		{207E5D7E-7087-4E33-B071-16890E3385F5}.Ad-Hoc|x64.ActiveCfg = Release|iPhone
		{207E5D7E-7087-4E33-B071-16890E3385F5}.Ad-Hoc|x64.Build.0 = Release|iPhone
		{207E5D7E-7087-4E33-B071-16890E3385F5}.Ad-Hoc|x86.ActiveCfg = Release|iPhone
		{207E5D7E-7087-4E33-B071-16890E3385F5}.Ad-Hoc|x86.Build.0 = Release|iPhone
		{207E5D7E-7087-4E33-B071-16890E3385F5}.AppStore|Any CPU.ActiveCfg = Release|iPhone
		{207E5D7E-7087-4E33-B071-16890E3385F5}.AppStore|Any CPU.Build.0 = Release|iPhone
		{207E5D7E-7087-4E33-B071-16890E3385F5}.AppStore|ARM.ActiveCfg = Release|iPhone
		{207E5D7E-7087-4E33-B071-16890E3385F5}.AppStore|ARM.Build.0 = Release|iPhone
		{207E5D7E-7087-4E33-B071-16890E3385F5}.AppStore|iPhone.ActiveCfg = Release|iPhone
		{207E5D7E-7087-4E33-B071-16890E3385F5}.AppStore|iPhone.Build.0 = Release|iPhone
		{207E5D7E-7087-4E33-B071-16890E3385F5}.AppStore|iPhoneSimulator.ActiveCfg = Release|iPhoneSimulator
		{207E5D7E-7087-4E33-B071-16890E3385F5}.AppStore|iPhoneSimulator.Build.0 = Release|iPhoneSimulator
		{207E5D7E-7087-4E33-B071-16890E3385F5}.AppStore|x64.ActiveCfg = Release|iPhone
		{207E5D7E-7087-4E33-B071-16890E3385F5}.AppStore|x64.Build.0 = Release|iPhone
		{207E5D7E-7087-4E33-B071-16890E3385F5}.AppStore|x86.ActiveCfg = Release|iPhone
		{207E5D7E-7087-4E33-B071-16890E3385F5}.AppStore|x86.Build.0 = Release|iPhone
		{207E5D7E-7087-4E33-B071-16890E3385F5}.Debug|Any CPU.ActiveCfg = Debug|iPhone
		{207E5D7E-7087-4E33-B071-16890E3385F5}.Debug|ARM.ActiveCfg = Debug|iPhone
		{207E5D7E-7087-4E33-B071-16890E3385F5}.Debug|iPhone.ActiveCfg = Debug|iPhone
		{207E5D7E-7087-4E33-B071-16890E3385F5}.Debug|iPhone.Build.0 = Debug|iPhone
		{207E5D7E-7087-4E33-B071-16890E3385F5}.Debug|iPhoneSimulator.ActiveCfg = Debug|iPhoneSimulator
		{207E5D7E-7087-4E33-B071-16890E3385F5}.Debug|iPhoneSimulator.Build.0 = Debug|iPhoneSimulator
		{207E5D7E-7087-4E33-B071-16890E3385F5}.Debug|x64.ActiveCfg = Debug|iPhone
		{207E5D7E-7087-4E33-B071-16890E3385F5}.Debug|x86.ActiveCfg = Debug|iPhone
		{207E5D7E-7087-4E33-B071-16890E3385F5}.Release|Any CPU.ActiveCfg = Release|iPhone
		{207E5D7E-7087-4E33-B071-16890E3385F5}.Release|ARM.ActiveCfg = Release|iPhone
		{207E5D7E-7087-4E33-B071-16890E3385F5}.Release|iPhone.ActiveCfg = Release|iPhone
		{207E5D7E-7087-4E33-B071-16890E3385F5}.Release|iPhone.Build.0 = Release|iPhone
		{207E5D7E-7087-4E33-B071-16890E3385F5}.Release|iPhoneSimulator.ActiveCfg = Release|iPhoneSimulator
		{207E5D7E-7087-4E33-B071-16890E3385F5}.Release|iPhoneSimulator.Build.0 = Release|iPhoneSimulator
		{207E5D7E-7087-4E33-B071-16890E3385F5}.Release|x64.ActiveCfg = Release|iPhone
		{207E5D7E-7087-4E33-B071-16890E3385F5}.Release|x86.ActiveCfg = Release|iPhone
		{1A623803-84E4-4682-8A76-83B788C6DDC8}.Ad-Hoc|Any CPU.ActiveCfg = Debug|Any CPU
		{1A623803-84E4-4682-8A76-83B788C6DDC8}.Ad-Hoc|Any CPU.Build.0 = Debug|Any CPU
		{1A623803-84E4-4682-8A76-83B788C6DDC8}.Ad-Hoc|Any CPU.Deploy.0 = Debug|Any CPU
		{1A623803-84E4-4682-8A76-83B788C6DDC8}.Ad-Hoc|ARM.ActiveCfg = Debug|Any CPU
		{1A623803-84E4-4682-8A76-83B788C6DDC8}.Ad-Hoc|ARM.Build.0 = Debug|Any CPU
		{1A623803-84E4-4682-8A76-83B788C6DDC8}.Ad-Hoc|ARM.Deploy.0 = Debug|Any CPU
		{1A623803-84E4-4682-8A76-83B788C6DDC8}.Ad-Hoc|iPhone.ActiveCfg = Debug|Any CPU
		{1A623803-84E4-4682-8A76-83B788C6DDC8}.Ad-Hoc|iPhone.Build.0 = Debug|Any CPU
		{1A623803-84E4-4682-8A76-83B788C6DDC8}.Ad-Hoc|iPhone.Deploy.0 = Debug|Any CPU
		{1A623803-84E4-4682-8A76-83B788C6DDC8}.Ad-Hoc|iPhoneSimulator.ActiveCfg = Debug|Any CPU
		{1A623803-84E4-4682-8A76-83B788C6DDC8}.Ad-Hoc|iPhoneSimulator.Build.0 = Debug|Any CPU
		{1A623803-84E4-4682-8A76-83B788C6DDC8}.Ad-Hoc|iPhoneSimulator.Deploy.0 = Debug|Any CPU
		{1A623803-84E4-4682-8A76-83B788C6DDC8}.Ad-Hoc|x64.ActiveCfg = Debug|Any CPU
		{1A623803-84E4-4682-8A76-83B788C6DDC8}.Ad-Hoc|x64.Build.0 = Debug|Any CPU
		{1A623803-84E4-4682-8A76-83B788C6DDC8}.Ad-Hoc|x64.Deploy.0 = Debug|Any CPU
		{1A623803-84E4-4682-8A76-83B788C6DDC8}.Ad-Hoc|x86.ActiveCfg = Debug|Any CPU
		{1A623803-84E4-4682-8A76-83B788C6DDC8}.Ad-Hoc|x86.Build.0 = Debug|Any CPU
		{1A623803-84E4-4682-8A76-83B788C6DDC8}.Ad-Hoc|x86.Deploy.0 = Debug|Any CPU
		{1A623803-84E4-4682-8A76-83B788C6DDC8}.AppStore|Any CPU.ActiveCfg = Debug|Any CPU
		{1A623803-84E4-4682-8A76-83B788C6DDC8}.AppStore|Any CPU.Build.0 = Debug|Any CPU
		{1A623803-84E4-4682-8A76-83B788C6DDC8}.AppStore|Any CPU.Deploy.0 = Debug|Any CPU
		{1A623803-84E4-4682-8A76-83B788C6DDC8}.AppStore|ARM.ActiveCfg = Debug|Any CPU
		{1A623803-84E4-4682-8A76-83B788C6DDC8}.AppStore|ARM.Build.0 = Debug|Any CPU
		{1A623803-84E4-4682-8A76-83B788C6DDC8}.AppStore|ARM.Deploy.0 = Debug|Any CPU
		{1A623803-84E4-4682-8A76-83B788C6DDC8}.AppStore|iPhone.ActiveCfg = Debug|Any CPU
		{1A623803-84E4-4682-8A76-83B788C6DDC8}.AppStore|iPhone.Build.0 = Debug|Any CPU
		{1A623803-84E4-4682-8A76-83B788C6DDC8}.AppStore|iPhone.Deploy.0 = Debug|Any CPU
		{1A623803-84E4-4682-8A76-83B788C6DDC8}.AppStore|iPhoneSimulator.ActiveCfg = Debug|Any CPU
		{1A623803-84E4-4682-8A76-83B788C6DDC8}.AppStore|iPhoneSimulator.Build.0 = Debug|Any CPU
		{1A623803-84E4-4682-8A76-83B788C6DDC8}.AppStore|iPhoneSimulator.Deploy.0 = Debug|Any CPU
		{1A623803-84E4-4682-8A76-83B788C6DDC8}.AppStore|x64.ActiveCfg = Debug|Any CPU
		{1A623803-84E4-4682-8A76-83B788C6DDC8}.AppStore|x64.Build.0 = Debug|Any CPU
		{1A623803-84E4-4682-8A76-83B788C6DDC8}.AppStore|x64.Deploy.0 = Debug|Any CPU
		{1A623803-84E4-4682-8A76-83B788C6DDC8}.AppStore|x86.ActiveCfg = Debug|Any CPU
		{1A623803-84E4-4682-8A76-83B788C6DDC8}.AppStore|x86.Build.0 = Debug|Any CPU
		{1A623803-84E4-4682-8A76-83B788C6DDC8}.AppStore|x86.Deploy.0 = Debug|Any CPU
		{1A623803-84E4-4682-8A76-83B788C6DDC8}.Debug|Any CPU.ActiveCfg = Debug|Any CPU
		{1A623803-84E4-4682-8A76-83B788C6DDC8}.Debug|Any CPU.Build.0 = Debug|Any CPU
		{1A623803-84E4-4682-8A76-83B788C6DDC8}.Debug|Any CPU.Deploy.0 = Debug|Any CPU
		{1A623803-84E4-4682-8A76-83B788C6DDC8}.Debug|ARM.ActiveCfg = Debug|Any CPU
		{1A623803-84E4-4682-8A76-83B788C6DDC8}.Debug|ARM.Build.0 = Debug|Any CPU
		{1A623803-84E4-4682-8A76-83B788C6DDC8}.Debug|ARM.Deploy.0 = Debug|Any CPU
		{1A623803-84E4-4682-8A76-83B788C6DDC8}.Debug|iPhone.ActiveCfg = Debug|Any CPU
		{1A623803-84E4-4682-8A76-83B788C6DDC8}.Debug|iPhone.Build.0 = Debug|Any CPU
		{1A623803-84E4-4682-8A76-83B788C6DDC8}.Debug|iPhone.Deploy.0 = Debug|Any CPU
		{1A623803-84E4-4682-8A76-83B788C6DDC8}.Debug|iPhoneSimulator.ActiveCfg = Debug|Any CPU
		{1A623803-84E4-4682-8A76-83B788C6DDC8}.Debug|iPhoneSimulator.Build.0 = Debug|Any CPU
		{1A623803-84E4-4682-8A76-83B788C6DDC8}.Debug|iPhoneSimulator.Deploy.0 = Debug|Any CPU
		{1A623803-84E4-4682-8A76-83B788C6DDC8}.Debug|x64.ActiveCfg = Debug|Any CPU
		{1A623803-84E4-4682-8A76-83B788C6DDC8}.Debug|x64.Build.0 = Debug|Any CPU
		{1A623803-84E4-4682-8A76-83B788C6DDC8}.Debug|x64.Deploy.0 = Debug|Any CPU
		{1A623803-84E4-4682-8A76-83B788C6DDC8}.Debug|x86.ActiveCfg = Debug|Any CPU
		{1A623803-84E4-4682-8A76-83B788C6DDC8}.Debug|x86.Build.0 = Debug|Any CPU
		{1A623803-84E4-4682-8A76-83B788C6DDC8}.Debug|x86.Deploy.0 = Debug|Any CPU
		{1A623803-84E4-4682-8A76-83B788C6DDC8}.Release|Any CPU.ActiveCfg = Release|Any CPU
		{1A623803-84E4-4682-8A76-83B788C6DDC8}.Release|Any CPU.Build.0 = Release|Any CPU
		{1A623803-84E4-4682-8A76-83B788C6DDC8}.Release|Any CPU.Deploy.0 = Release|Any CPU
		{1A623803-84E4-4682-8A76-83B788C6DDC8}.Release|ARM.ActiveCfg = Release|Any CPU
		{1A623803-84E4-4682-8A76-83B788C6DDC8}.Release|ARM.Build.0 = Release|Any CPU
		{1A623803-84E4-4682-8A76-83B788C6DDC8}.Release|ARM.Deploy.0 = Release|Any CPU
		{1A623803-84E4-4682-8A76-83B788C6DDC8}.Release|iPhone.ActiveCfg = Release|Any CPU
		{1A623803-84E4-4682-8A76-83B788C6DDC8}.Release|iPhone.Build.0 = Release|Any CPU
		{1A623803-84E4-4682-8A76-83B788C6DDC8}.Release|iPhone.Deploy.0 = Release|Any CPU
		{1A623803-84E4-4682-8A76-83B788C6DDC8}.Release|iPhoneSimulator.ActiveCfg = Release|Any CPU
		{1A623803-84E4-4682-8A76-83B788C6DDC8}.Release|iPhoneSimulator.Build.0 = Release|Any CPU
		{1A623803-84E4-4682-8A76-83B788C6DDC8}.Release|iPhoneSimulator.Deploy.0 = Release|Any CPU
		{1A623803-84E4-4682-8A76-83B788C6DDC8}.Release|x64.ActiveCfg = Release|Any CPU
		{1A623803-84E4-4682-8A76-83B788C6DDC8}.Release|x64.Build.0 = Release|Any CPU
		{1A623803-84E4-4682-8A76-83B788C6DDC8}.Release|x64.Deploy.0 = Release|Any CPU
		{1A623803-84E4-4682-8A76-83B788C6DDC8}.Release|x86.ActiveCfg = Release|Any CPU
		{1A623803-84E4-4682-8A76-83B788C6DDC8}.Release|x86.Build.0 = Release|Any CPU
		{1A623803-84E4-4682-8A76-83B788C6DDC8}.Release|x86.Deploy.0 = Release|Any CPU
	EndGlobalSection
	GlobalSection(SolutionProperties) = preSolution
		HideSolutionNode = FALSE
	EndGlobalSection
	GlobalSection(ExtensibilityGlobals) = postSolution
		SolutionGuid = {726CBD2C-40F9-4EA3-8115-DCAF22CB562F}
	EndGlobalSection
EndGlobal
